
Microsoft Visual Studio Solution File, Format Version 12.00
# Visual Studio Version 16
VisualStudioVersion = 16.0.30011.22
MinimumVisualStudioVersion = 10.0.40219.1
Project("{9A19103F-16F7-4668-BE54-9A1E7A4F7556}") = "ProofOfConceptWebApi", "ProofOfConceptWebApi\ProofOfConceptWebApi.csproj", "{1D871A35-F4AC-4AE2-9D76-E47715DA9218}"
EndProject
Project("{9A19103F-16F7-4668-BE54-9A1E7A4F7556}") = "ProofOfConceptRabbitMqConsole", "ProofOfConceptRabbitMqConsole\ProofOfConceptRabbitMqConsole.csproj", "{32DAD2F3-A236-4AE9-A827-72A60F4FFD79}"
EndProject
Project("{FAE04EC0-301F-11D3-BF4B-00C04F79EFBC}") = "ProofOfConceptFileSystemWatcher", "ProofOfConceptFileSystemWatcher\ProofOfConceptFileSystemWatcher.csproj", "{D3568B68-6973-4647-A530-365A7415A688}"
EndProject
Global
	GlobalSection(SolutionConfigurationPlatforms) = preSolution
		Debug|Any CPU = Debug|Any CPU
		Release|Any CPU = Release|Any CPU
	EndGlobalSection
	GlobalSection(ProjectConfigurationPlatforms) = postSolution
		{1D871A35-F4AC-4AE2-9D76-E47715DA9218}.Debug|Any CPU.ActiveCfg = Debug|Any CPU
		{1D871A35-F4AC-4AE2-9D76-E47715DA9218}.Debug|Any CPU.Build.0 = Debug|Any CPU
		{1D871A35-F4AC-4AE2-9D76-E47715DA9218}.Release|Any CPU.ActiveCfg = Release|Any CPU
		{1D871A35-F4AC-4AE2-9D76-E47715DA9218}.Release|Any CPU.Build.0 = Release|Any CPU
		{32DAD2F3-A236-4AE9-A827-72A60F4FFD79}.Debug|Any CPU.ActiveCfg = Debug|Any CPU
		{32DAD2F3-A236-4AE9-A827-72A60F4FFD79}.Debug|Any CPU.Build.0 = Debug|Any CPU
		{32DAD2F3-A236-4AE9-A827-72A60F4FFD79}.Release|Any CPU.ActiveCfg = Release|Any CPU
		{32DAD2F3-A236-4AE9-A827-72A60F4FFD79}.Release|Any CPU.Build.0 = Release|Any CPU
		{D3568B68-6973-4647-A530-365A7415A688}.Debug|Any CPU.ActiveCfg = Debug|Any CPU
		{D3568B68-6973-4647-A530-365A7415A688}.Debug|Any CPU.Build.0 = Debug|Any CPU
		{D3568B68-6973-4647-A530-365A7415A688}.Release|Any CPU.ActiveCfg = Release|Any CPU
		{D3568B68-6973-4647-A530-365A7415A688}.Release|Any CPU.Build.0 = Release|Any CPU
	EndGlobalSection
	GlobalSection(SolutionProperties) = preSolution
		HideSolutionNode = FALSE
	EndGlobalSection
	GlobalSection(ExtensibilityGlobals) = postSolution
		SolutionGuid = {A97693DF-16A5-47F5-A561-3E8DE6FE5686}
	EndGlobalSection
EndGlobal
